%{
  "cabbage": {:hex, :cabbage, "0.3.6", "5348ced2f8dd7c940a9becd3df26b32750cdeedf72baa262bd3361c7476f47bc", [:mix], [{:gherkin, "~> 1.4", [hex: :gherkin, repo: "hexpm", optional: false]}], "hexpm"},
  "gherkin": {:hex, :gherkin, "1.6.0", "a7a2925e6153b7f475646e411e45eed657eb8648ae4bec4222334bf46d37798e", [:mix], [], "hexpm"},
  "typed_struct": {:hex, :typed_struct, "0.1.4", "25971ce73a8b336dedf2f80e4dafaab111af127ba4773955b66805c89e197f6a", [:mix], [], "hexpm"},
}
